
Microsoft Visual Studio Solution File, Format Version 12.00
# Visual Studio Version 16
VisualStudioVersion = 16.0.31205.134
MinimumVisualStudioVersion = 10.0.40219.1
Project("{FAE04EC0-301F-11D3-BF4B-00C04F79EFBC}") = "Sandwich Adventure", "Sandwich Adventure.csproj", "{560D4C00-9A26-4EB7-BEE1-F3D23A493EE4}"
EndProject
Global
	GlobalSection(SolutionConfigurationPlatforms) = preSolution
		Debug|Any CPU = Debug|Any CPU
		Release|Any CPU = Release|Any CPU
	EndGlobalSection
	GlobalSection(ProjectConfigurationPlatforms) = postSolution
		{560D4C00-9A26-4EB7-BEE1-F3D23A493EE4}.Debug|Any CPU.ActiveCfg = Debug|Any CPU
		{560D4C00-9A26-4EB7-BEE1-F3D23A493EE4}.Debug|Any CPU.Build.0 = Debug|Any CPU
		{560D4C00-9A26-4EB7-BEE1-F3D23A493EE4}.Release|Any CPU.ActiveCfg = Release|Any CPU
		{560D4C00-9A26-4EB7-BEE1-F3D23A493EE4}.Release|Any CPU.Build.0 = Release|Any CPU
	EndGlobalSection
	GlobalSection(SolutionProperties) = preSolution
		HideSolutionNode = FALSE
	EndGlobalSection
	GlobalSection(ExtensibilityGlobals) = postSolution
		SolutionGuid = {F56F1627-4DDD-49BF-BB29-0B591CB28388}
	EndGlobalSection
EndGlobal
